// !$*UTF8*$!
{
	archiveVersion = 1;
	classes = {
	};
	objectVersion = 50;
	objects = {

/* Begin PBXBuildFile section */
		26941D6C25C2552600444FCD /* AppDelegate.m in Sources */ = {isa = PBXBuildFile; fileRef = 26941D6B25C2552600444FCD /* AppDelegate.m */; };
		26941D6F25C2552600444FCD /* SceneDelegate.m in Sources */ = {isa = PBXBuildFile; fileRef = 26941D6E25C2552600444FCD /* SceneDelegate.m */; };
		26941D7225C2552600444FCD /* ViewController.m in Sources */ = {isa = PBXBuildFile; fileRef = 26941D7125C2552600444FCD /* ViewController.m */; };
		26941D7525C2552600444FCD /* Main.storyboard in Resources */ = {isa = PBXBuildFile; fileRef = 26941D7325C2552600444FCD /* Main.storyboard */; };
		26941D7725C2552800444FCD /* Assets.xcassets in Resources */ = {isa = PBXBuildFile; fileRef = 26941D7625C2552800444FCD /* Assets.xcassets */; };
		26941D7A25C2552800444FCD /* LaunchScreen.storyboard in Resources */ = {isa = PBXBuildFile; fileRef = 26941D7825C2552800444FCD /* LaunchScreen.storyboard */; };
		26941D7D25C2552800444FCD /* main.m in Sources */ = {isa = PBXBuildFile; fileRef = 26941D7C25C2552800444FCD /* main.m */; };
		26941D8625C2569400444FCD /* SecondCtrl.m in Sources */ = {isa = PBXBuildFile; fileRef = 26941D8525C2569400444FCD /* SecondCtrl.m */; };
/* End PBXBuildFile section */

/* Begin PBXFileReference section */
		26941D6725C2552600444FCD /* 666.app */ = {isa = PBXFileReference; explicitFileType = wrapper.application; includeInIndex = 0; path = 666.app; sourceTree = BUILT_PRODUCTS_DIR; };
		26941D6A25C2552600444FCD /* AppDelegate.h */ = {isa = PBXFileReference; lastKnownFileType = sourcecode.c.h; path = AppDelegate.h; sourceTree = "<group>"; };
		26941D6B25C2552600444FCD /* AppDelegate.m */ = {isa = PBXFileReference; lastKnownFileType = sourcecode.c.objc; path = AppDelegate.m; sourceTree = "<group>"; };
		26941D6D25C2552600444FCD /* SceneDelegate.h */ = {isa = PBXFileReference; lastKnownFileType = sourcecode.c.h; path = SceneDelegate.h; sourceTree = "<group>"; };
		26941D6E25C2552600444FCD /* SceneDelegate.m */ = {isa = PBXFileReference; lastKnownFileType = sourcecode.c.objc; path = SceneDelegate.m; sourceTree = "<group>"; };
		26941D7025C2552600444FCD /* ViewController.h */ = {isa = PBXFileReference; lastKnownFileType = sourcecode.c.h; path = ViewController.h; sourceTree = "<group>"; };
		26941D7125C2552600444FCD /* ViewController.m */ = {isa = PBXFileReference; lastKnownFileType = sourcecode.c.objc; path = ViewController.m; sourceTree = "<group>"; };
		26941D7425C2552600444FCD /* Base */ = {isa = PBXFileReference; lastKnownFileType = file.storyboard; name = Base; path = Base.lproj/Main.storyboard; sourceTree = "<group>"; };
		26941D7625C2552800444FCD /* Assets.xcassets */ = {isa = PBXFileReference; lastKnownFileType = folder.assetcatalog; path = Assets.xcassets; sourceTree = "<group>"; };
		26941D7925C2552800444FCD /* Base */ = {isa = PBXFileReference; lastKnownFileType = file.storyboard; name = Base; path = Base.lproj/LaunchScreen.storyboard; sourceTree = "<group>"; };
		26941D7B25C2552800444FCD /* Info.plist */ = {isa = PBXFileReference; lastKnownFileType = text.plist.xml; path = Info.plist; sourceTree = "<group>"; };
		26941D7C25C2552800444FCD /* main.m */ = {isa = PBXFileReference; lastKnownFileType = sourcecode.c.objc; path = main.m; sourceTree = "<group>"; };
		26941D8425C2569400444FCD /* SecondCtrl.h */ = {isa = PBXFileReference; fileEncoding = 4; lastKnownFileType = sourcecode.c.h; path = SecondCtrl.h; sourceTree = "<group>"; };
		26941D8525C2569400444FCD /* SecondCtrl.m */ = {isa = PBXFileReference; fileEncoding = 4; lastKnownFileType = sourcecode.c.objc; path = SecondCtrl.m; sourceTree = "<group>"; };
/* End PBXFileReference section */

/* Begin PBXFrameworksBuildPhase section */
		26941D6425C2552600444FCD /* Frameworks */ = {
			isa = PBXFrameworksBuildPhase;
			buildActionMask = 2147483647;
			files = (
			);
			runOnlyForDeploymentPostprocessing = 0;
		};
/* End PBXFrameworksBuildPhase section */

/* Begin PBXGroup section */
		26941D5E25C2552600444FCD = {
			isa = PBXGroup;
			children = (
				26941D6925C2552600444FCD /* 666 */,
				26941D6825C2552600444FCD /* Products */,
			);
			sourceTree = "<group>";
		};
		26941D6825C2552600444FCD /* Products */ = {
			isa = PBXGroup;
			children = (
				26941D6725C2552600444FCD /* 666.app */,
			);
			name = Products;
			sourceTree = "<group>";
		};
		26941D6925C2552600444FCD /* 666 */ = {
			isa = PBXGroup;
			children = (
				26941D8425C2569400444FCD /* SecondCtrl.h */,
				26941D8525C2569400444FCD /* SecondCtrl.m */,
				26941D6A25C2552600444FCD /* AppDelegate.h */,
				26941D6B25C2552600444FCD /* AppDelegate.m */,
				26941D6D25C2552600444FCD /* SceneDelegate.h */,
				26941D6E25C2552600444FCD /* SceneDelegate.m */,
				26941D7025C2552600444FCD /* ViewController.h */,
				26941D7125C2552600444FCD /* ViewController.m */,
				26941D7325C2552600444FCD /* Main.storyboard */,
				26941D7625C2552800444FCD /* Assets.xcassets */,
				26941D7825C2552800444FCD /* LaunchScreen.storyboard */,
				26941D7B25C2552800444FCD /* Info.plist */,
				26941D7C25C2552800444FCD /* main.m */,
			);
			path = 666;
			sourceTree = "<group>";
		};
/* End PBXGroup section */

/* Begin PBXNativeTarget section */
		26941D6625C2552600444FCD /* 666 */ = {
			isa = PBXNativeTarget;
			buildConfigurationList = 26941D8025C2552800444FCD /* Build configuration list for PBXNativeTarget "666" */;
			buildPhases = (
				26941D6325C2552600444FCD /* Sources */,
				26941D6425C2552600444FCD /* Frameworks */,
				26941D6525C2552600444FCD /* Resources */,
			);
			buildRules = (
			);
			dependencies = (
			);
			name = 666;
			productName = 666;
			productReference = 26941D6725C2552600444FCD /* 666.app */;
			productType = "com.apple.product-type.application";
		};
/* End PBXNativeTarget section */

/* Begin PBXProject section */
		26941D5F25C2552600444FCD /* Project object */ = {
			isa = PBXProject;
			attributes = {
				LastUpgradeCheck = 1210;
				TargetAttributes = {
					26941D6625C2552600444FCD = {
						CreatedOnToolsVersion = 12.1;
					};
				};
			};
			buildConfigurationList = 26941D6225C2552600444FCD /* Build configuration list for PBXProject "666" */;
			compatibilityVersion = "Xcode 9.3";
			developmentRegion = en;
			hasScannedForEncodings = 0;
			knownRegions = (
				en,
				Base,
			);
			mainGroup = 26941D5E25C2552600444FCD;
			productRefGroup = 26941D6825C2552600444FCD /* Products */;
			projectDirPath = "";
			projectRoot = "";
			targets = (
				26941D6625C2552600444FCD /* 666 */,
			);
		};
/* End PBXProject section */

/* Begin PBXResourcesBuildPhase section */
		26941D6525C2552600444FCD /* Resources */ = {
			isa = PBXResourcesBuildPhase;
			buildActionMask = 2147483647;
			files = (
				26941D7A25C2552800444FCD /* LaunchScreen.storyboard in Resources */,
				26941D7725C2552800444FCD /* Assets.xcassets in Resources */,
				26941D7525C2552600444FCD /* Main.storyboard in Resources */,
			);
			runOnlyForDeploymentPostprocessing = 0;
		};
/* End PBXResourcesBuildPhase section */

/* Begin PBXSourcesBuildPhase section */
		26941D6325C2552600444FCD /* Sources */ = {
			isa = PBXSourcesBuildPhase;
			buildActionMask = 2147483647;
			files = (
				26941D7225C2552600444FCD /* ViewController.m in Sources */,
				26941D6C25C2552600444FCD /* AppDelegate.m in Sources */,
				26941D7D25C2552800444FCD /* main.m in Sources */,
				26941D8625C2569400444FCD /* SecondCtrl.m in Sources */,
				26941D6F25C2552600444FCD /* SceneDelegate.m in Sources */,
			);
			runOnlyForDeploymentPostprocessing = 0;
		};
/* End PBXSourcesBuildPhase section */

/* Begin PBXVariantGroup section */
		26941D7325C2552600444FCD /* Main.storyboard */ = {
			isa = PBXVariantGroup;
			children = (
				26941D7425C2552600444FCD /* Base */,
			);
			name = Main.storyboard;
			sourceTree = "<group>";
		};
		26941D7825C2552800444FCD /* LaunchScreen.storyboard */ = {
			isa = PBXVariantGroup;
			children = (
				26941D7925C2552800444FCD /* Base */,
			);
			name = LaunchScreen.storyboard;
			sourceTree = "<group>";
		};
/* End PBXVariantGroup section */

/* Begin XCBuildConfiguration section */
		26941D7E25C2552800444FCD /* Debug */ = {
			isa = XCBuildConfiguration;
			buildSettings = {
				ALWAYS_SEARCH_USER_PATHS = NO;
				CLANG_ANALYZER_NONNULL = YES;
				CLANG_ANALYZER_NUMBER_OBJECT_CONVERSION = YES_AGGRESSIVE;
				CLANG_CXX_LANGUAGE_STANDARD = "gnu++14";
				CLANG_CXX_LIBRARY = "libc++";
				CLANG_ENABLE_MODULES = YES;
				CLANG_ENABLE_OBJC_ARC = YES;
				CLANG_ENABLE_OBJC_WEAK = YES;
				CLANG_WARN_BLOCK_CAPTURE_AUTORELEASING = YES;
				CLANG_WARN_BOOL_CONVERSION = YES;
				CLANG_WARN_COMMA = YES;
				CLANG_WARN_CONSTANT_CONVERSION = YES;
				CLANG_WARN_DEPRECATED_OBJC_IMPLEMENTATIONS = YES;
				CLANG_WARN_DIRECT_OBJC_ISA_USAGE = YES_ERROR;
				CLANG_WARN_DOCUMENTATION_COMMENTS = YES;
				CLANG_WARN_EMPTY_BODY = YES;
				CLANG_WARN_ENUM_CONVERSION = YES;
				CLANG_WARN_INFINITE_RECURSION = YES;
				CLANG_WARN_INT_CONVERSION = YES;
				CLANG_WARN_NON_LITERAL_NULL_CONVERSION = YES;
				CLANG_WARN_OBJC_IMPLICIT_RETAIN_SELF = YES;
				CLANG_WARN_OBJC_LITERAL_CONVERSION = YES;
				CLANG_WARN_OBJC_ROOT_CLASS = YES_ERROR;
				CLANG_WARN_QUOTED_INCLUDE_IN_FRAMEWORK_HEADER = YES;
				CLANG_WARN_RANGE_LOOP_ANALYSIS = YES;
				CLANG_WARN_STRICT_PROTOTYPES = YES;
				CLANG_WARN_SUSPICIOUS_MOVE = YES;
				CLANG_WARN_UNGUARDED_AVAILABILITY = YES_AGGRESSIVE;
				CLANG_WARN_UNREACHABLE_CODE = YES;
				CLANG_WARN__DUPLICATE_METHOD_MATCH = YES;
				COPY_PHASE_STRIP = NO;
				DEBUG_INFORMATION_FORMAT = dwarf;
				ENABLE_STRICT_OBJC_MSGSEND = YES;
				ENABLE_TESTABILITY = YES;
				GCC_C_LANGUAGE_STANDARD = gnu11;
				GCC_DYNAMIC_NO_PIC = NO;
				GCC_NO_COMMON_BLOCKS = YES;
				GCC_OPTIMIZATION_LEVEL = 0;
				GCC_PREPROCESSOR_DEFINITIONS = (
					"DEBUG=1",
					"$(inherited)",
				);
				GCC_WARN_64_TO_32_BIT_CONVERSION = YES;
				GCC_WARN_ABOUT_RETURN_TYPE = YES_ERROR;
				GCC_WARN_UNDECLARED_SELECTOR = YES;
				GCC_WARN_UNINITIALIZED_AUTOS = YES_AGGRESSIVE;
				GCC_WARN_UNUSED_FUNCTION = YES;
				GCC_WARN_UNUSED_VARIABLE = YES;
				IPHONEOS_DEPLOYMENT_TARGET = 14.1;
				MTL_ENABLE_DEBUG_INFO = INCLUDE_SOURCE;
				MTL_FAST_MATH = YES;
				ONLY_ACTIVE_ARCH = YES;
				SDKROOT = iphoneos;
			};
			name = Debug;
		};
		26941D7F25C2552800444FCD /* Release */ = {
			isa = XCBuildConfiguration;
			buildSettings = {
				ALWAYS_SEARCH_USER_PATHS = NO;
				CLANG_ANALYZER_NONNULL = YES;
				CLANG_ANALYZER_NUMBER_OBJECT_CONVERSION = YES_AGGRESSIVE;
				CLANG_CXX_LANGUAGE_STANDARD = "gnu++14";
				CLANG_CXX_LIBRARY = "libc++";
				CLANG_ENABLE_MODULES = YES;
				CLANG_ENABLE_OBJC_ARC = YES;
				CLANG_ENABLE_OBJC_WEAK = YES;
				CLANG_WARN_BLOCK_CAPTURE_AUTORELEASING = YES;
				CLANG_WARN_BOOL_CONVERSION = YES;
				CLANG_WARN_COMMA = YES;
				CLANG_WARN_CONSTANT_CONVERSION = YES;
				CLANG_WARN_DEPRECATED_OBJC_IMPLEMENTATIONS = YES;
				CLANG_WARN_DIRECT_OBJC_ISA_USAGE = YES_ERROR;
				CLANG_WARN_DOCUMENTATION_COMMENTS = YES;
				CLANG_WARN_EMPTY_BODY = YES;
				CLANG_WARN_ENUM_CONVERSION = YES;
				CLANG_WARN_INFINITE_RECURSION = YES;
				CLANG_WARN_INT_CONVERSION = YES;
				CLANG_WARN_NON_LITERAL_NULL_CONVERSION = YES;
				CLANG_WARN_OBJC_IMPLICIT_RETAIN_SELF = YES;
				CLANG_WARN_OBJC_LITERAL_CONVERSION = YES;
				CLANG_WARN_OBJC_ROOT_CLASS = YES_ERROR;
				CLANG_WARN_QUOTED_INCLUDE_IN_FRAMEWORK_HEADER = YES;
				CLANG_WARN_RANGE_LOOP_ANALYSIS = YES;
				CLANG_WARN_STRICT_PROTOTYPES = YES;
				CLANG_WARN_SUSPICIOUS_MOVE = YES;
				CLANG_WARN_UNGUARDED_AVAILABILITY = YES_AGGRESSIVE;
				CLANG_WARN_UNREACHABLE_CODE = YES;
				CLANG_WARN__DUPLICATE_METHOD_MATCH = YES;
				COPY_PHASE_STRIP = NO;
				DEBUG_INFORMATION_FORMAT = "dwarf-with-dsym";
				ENABLE_NS_ASSERTIONS = NO;
				ENABLE_STRICT_OBJC_MSGSEND = YES;
				GCC_C_LANGUAGE_STANDARD = gnu11;
				GCC_NO_COMMON_BLOCKS = YES;
				GCC_WARN_64_TO_32_BIT_CONVERSION = YES;
				GCC_WARN_ABOUT_RETURN_TYPE = YES_ERROR;
				GCC_WARN_UNDECLARED_SELECTOR = YES;
				GCC_WARN_UNINITIALIZED_AUTOS = YES_AGGRESSIVE;
				GCC_WARN_UNUSED_FUNCTION = YES;
				GCC_WARN_UNUSED_VARIABLE = YES;
				IPHONEOS_DEPLOYMENT_TARGET = 14.1;
				MTL_ENABLE_DEBUG_INFO = NO;
				MTL_FAST_MATH = YES;
				SDKROOT = iphoneos;
				VALIDATE_PRODUCT = YES;
			};
			name = Release;
		};
		26941D8125C2552800444FCD /* Debug */ = {
			isa = XCBuildConfiguration;
			buildSettings = {
				ASSETCATALOG_COMPILER_APPICON_NAME = AppIcon;
				ASSETCATALOG_COMPILER_GLOBAL_ACCENT_COLOR_NAME = AccentColor;
				CODE_SIGN_STYLE = Automatic;
				DEVELOPMENT_TEAM = D878P8TW6L;
				INFOPLIST_FILE = 666/Info.plist;
				LD_RUNPATH_SEARCH_PATHS = (
					"$(inherited)",
					"@executable_path/Frameworks",
				);
				PRODUCT_BUNDLE_IDENTIFIER = "com.photod.mnc.-66";
				PRODUCT_NAME = "$(TARGET_NAME)";
				TARGETED_DEVICE_FAMILY = "1,2";
			};
			name = Debug;
		};
		26941D8225C2552800444FCD /* Release */ = {
			isa = XCBuildConfiguration;
			buildSettings = {
				ASSETCATALOG_COMPILER_APPICON_NAME = AppIcon;
				ASSETCATALOG_COMPILER_GLOBAL_ACCENT_COLOR_NAME = AccentColor;
				CODE_SIGN_STYLE = Automatic;
				DEVELOPMENT_TEAM = D878P8TW6L;
				INFOPLIST_FILE = 666/Info.plist;
				LD_RUNPATH_SEARCH_PATHS = (
					"$(inherited)",
					"@executable_path/Frameworks",
				);
				PRODUCT_BUNDLE_IDENTIFIER = "com.photod.mnc.-66";
				PRODUCT_NAME = "$(TARGET_NAME)";
				TARGETED_DEVICE_FAMILY = "1,2";
			};
			name = Release;
		};
/* End XCBuildConfiguration section */

/* Begin XCConfigurationList section */
		26941D6225C2552600444FCD /* Build configuration list for PBXProject "666" */ = {
			isa = XCConfigurationList;
			buildConfigurations = (
				26941D7E25C2552800444FCD /* Debug */,
				26941D7F25C2552800444FCD /* Release */,
			);
			defaultConfigurationIsVisible = 0;
			defaultConfigurationName = Release;
		};
		26941D8025C2552800444FCD /* Build configuration list for PBXNativeTarget "666" */ = {
			isa = XCConfigurationList;
			buildConfigurations = (
				26941D8125C2552800444FCD /* Debug */,
				26941D8225C2552800444FCD /* Release */,
			);
			defaultConfigurationIsVisible = 0;
			defaultConfigurationName = Release;
		};
/* End XCConfigurationList section */
	};
	rootObject = 26941D5F25C2552600444FCD /* Project object */;
}
